// !$*UTF8*$!
{
	archiveVersion = 1;
	classes = {
	};
	objectVersion = 50;
	objects = {

/* Begin PBXBuildFile section */
		1C04E6FB20D6BA7500EA2725 /* ItemFetcherTests.swift in Sources */ = {isa = PBXBuildFile; fileRef = 1C04E6FA20D6BA7500EA2725 /* ItemFetcherTests.swift */; };
		1C04E6FF20D6BC5E00EA2725 /* FoundationMocks.swift in Sources */ = {isa = PBXBuildFile; fileRef = 1C04E6FE20D6BC5E00EA2725 /* FoundationMocks.swift */; };
		1C04E70120D6DFC500EA2725 /* FoundationExtensions.swift in Sources */ = {isa = PBXBuildFile; fileRef = 1C04E70020D6DFC500EA2725 /* FoundationExtensions.swift */; };
		1C04E70320D6E94600EA2725 /* ShopAisleCell.swift in Sources */ = {isa = PBXBuildFile; fileRef = 1C04E70220D6E94600EA2725 /* ShopAisleCell.swift */; };
		1C04E70520D6EAAA00EA2725 /* ShopAisleCell.xib in Resources */ = {isa = PBXBuildFile; fileRef = 1C04E70420D6EAAA00EA2725 /* ShopAisleCell.xib */; };
		1C30353520D3CE43007A0270 /* AppDelegate.swift in Sources */ = {isa = PBXBuildFile; fileRef = 1C30353420D3CE43007A0270 /* AppDelegate.swift */; };
		1C30353C20D3CE44007A0270 /* Assets.xcassets in Resources */ = {isa = PBXBuildFile; fileRef = 1C30353B20D3CE44007A0270 /* Assets.xcassets */; };
		1C30353F20D3CE44007A0270 /* LaunchScreen.storyboard in Resources */ = {isa = PBXBuildFile; fileRef = 1C30353D20D3CE44007A0270 /* LaunchScreen.storyboard */; };
		1C30354A20D3CE44007A0270 /* KitchenWaresTests.swift in Sources */ = {isa = PBXBuildFile; fileRef = 1C30354920D3CE44007A0270 /* KitchenWaresTests.swift */; };
		1C30355D20D3D239007A0270 /* ProductDetailsProtocols.swift in Sources */ = {isa = PBXBuildFile; fileRef = 1C30355C20D3D239007A0270 /* ProductDetailsProtocols.swift */; };
		1C30356020D3D255007A0270 /* ProductDetailsWireframe.swift in Sources */ = {isa = PBXBuildFile; fileRef = 1C30355F20D3D255007A0270 /* ProductDetailsWireframe.swift */; };
		1C30356220D3D26A007A0270 /* ProductDetailsInteractor.swift in Sources */ = {isa = PBXBuildFile; fileRef = 1C30356120D3D26A007A0270 /* ProductDetailsInteractor.swift */; };
		1C30356420D3D27E007A0270 /* ProductDetailsPresenter.swift in Sources */ = {isa = PBXBuildFile; fileRef = 1C30356320D3D27E007A0270 /* ProductDetailsPresenter.swift */; };
		1C30356620D3D293007A0270 /* ProductDetailsViewController.swift in Sources */ = {isa = PBXBuildFile; fileRef = 1C30356520D3D293007A0270 /* ProductDetailsViewController.swift */; };
		1C30356820D3D2A2007A0270 /* ShopAisleProtocols.swift in Sources */ = {isa = PBXBuildFile; fileRef = 1C30356720D3D2A2007A0270 /* ShopAisleProtocols.swift */; };
		1C30356A20D3D2AC007A0270 /* ShopAisleWireframe.swift in Sources */ = {isa = PBXBuildFile; fileRef = 1C30356920D3D2AC007A0270 /* ShopAisleWireframe.swift */; };
		1C30356C20D3D2CE007A0270 /* ShopAisleInteractor.swift in Sources */ = {isa = PBXBuildFile; fileRef = 1C30356B20D3D2CE007A0270 /* ShopAisleInteractor.swift */; };
		1C30356E20D3D2EA007A0270 /* ShopAislePresenter.swift in Sources */ = {isa = PBXBuildFile; fileRef = 1C30356D20D3D2EA007A0270 /* ShopAislePresenter.swift */; };
		1C30357020D3D2F3007A0270 /* ShopAisleViewController.swift in Sources */ = {isa = PBXBuildFile; fileRef = 1C30356F20D3D2F3007A0270 /* ShopAisleViewController.swift */; };
		1C30357420D3D35C007A0270 /* ShopAisleInteractorTests.swift in Sources */ = {isa = PBXBuildFile; fileRef = 1C30357320D3D35C007A0270 /* ShopAisleInteractorTests.swift */; };
		1C30357620D3D365007A0270 /* ShopAislePresenterTests.swift in Sources */ = {isa = PBXBuildFile; fileRef = 1C30357520D3D365007A0270 /* ShopAislePresenterTests.swift */; };
		1C30357820D3D36E007A0270 /* ProductDetailsInteractorTests.swift in Sources */ = {isa = PBXBuildFile; fileRef = 1C30357720D3D36E007A0270 /* ProductDetailsInteractorTests.swift */; };
		1C30357A20D3D377007A0270 /* ProductDetailsPresenterTests.swift in Sources */ = {isa = PBXBuildFile; fileRef = 1C30357920D3D377007A0270 /* ProductDetailsPresenterTests.swift */; };
		1C30357C20D3D57C007A0270 /* README.md in Resources */ = {isa = PBXBuildFile; fileRef = 1C30357B20D3D57C007A0270 /* README.md */; };
		1C8ACF4A20D6647500878D36 /* ItemFetcher.swift in Sources */ = {isa = PBXBuildFile; fileRef = 1C8ACF4920D6647500878D36 /* ItemFetcher.swift */; };
		1C8ACF5120D66F8E00878D36 /* MockFetchers.swift in Sources */ = {isa = PBXBuildFile; fileRef = 1C8ACF5020D66F8E00878D36 /* MockFetchers.swift */; };
		1C8ACF5420D68F4F00878D36 /* ProductJson.json in Resources */ = {isa = PBXBuildFile; fileRef = 1C8ACF5320D68F4F00878D36 /* ProductJson.json */; };
		1C8ACF5620D68FFD00878D36 /* JohnLewisURL.swift in Sources */ = {isa = PBXBuildFile; fileRef = 1C8ACF5520D68FFD00878D36 /* JohnLewisURL.swift */; };
		1C8ACF5820D6AAA600878D36 /* DishwasherJSONParser.swift in Sources */ = {isa = PBXBuildFile; fileRef = 1C8ACF5720D6AAA600878D36 /* DishwasherJSONParser.swift */; };
		1C8ACF5B20D6AF6300878D36 /* DishwasherJSONParserTests.swift in Sources */ = {isa = PBXBuildFile; fileRef = 1C8ACF5A20D6AF6300878D36 /* DishwasherJSONParserTests.swift */; };
		1CB8DE0D20D5128900B645BB /* ShopItem.swift in Sources */ = {isa = PBXBuildFile; fileRef = 1CB8DE0C20D5128900B645BB /* ShopItem.swift */; };
		1CB8DE0F20D5129200B645BB /* ShopItemDetails.swift in Sources */ = {isa = PBXBuildFile; fileRef = 1CB8DE0E20D5129200B645BB /* ShopItemDetails.swift */; };
		1CBD1F6620D517100082F7B1 /* ProductDetailsViewController.xib in Resources */ = {isa = PBXBuildFile; fileRef = 1CBD1F6520D517100082F7B1 /* ProductDetailsViewController.xib */; };
		1CBD1F6B20D52AF80082F7B1 /* AppShopAisleFactory.swift in Sources */ = {isa = PBXBuildFile; fileRef = 1CBD1F6A20D52AF80082F7B1 /* AppShopAisleFactory.swift */; };
		1CBD1F6E20D534910082F7B1 /* ShopAisleMocks.swift in Sources */ = {isa = PBXBuildFile; fileRef = 1CBD1F6D20D534910082F7B1 /* ShopAisleMocks.swift */; };
		1CBD1F7420D539CE0082F7B1 /* ShopAisleWireframeTests.swift in Sources */ = {isa = PBXBuildFile; fileRef = 1CBD1F7320D539CE0082F7B1 /* ShopAisleWireframeTests.swift */; };
		9DCA4B141F901F8BD5BF3CCA /* Pods_KitchenWaresTests.framework in Frameworks */ = {isa = PBXBuildFile; fileRef = F6D6C7D3F5996B3B66A1A40C /* Pods_KitchenWaresTests.framework */; };
		A8DC97D64DA178210A510A2E /* Pods_KitchenWares.framework in Frameworks */ = {isa = PBXBuildFile; fileRef = 43771E987395D24F94A4B798 /* Pods_KitchenWares.framework */; };
/* End PBXBuildFile section */

/* Begin PBXContainerItemProxy section */
		1C30354620D3CE44007A0270 /* PBXContainerItemProxy */ = {
			isa = PBXContainerItemProxy;
			containerPortal = 1C30352920D3CE43007A0270 /* Project object */;
			proxyType = 1;
			remoteGlobalIDString = 1C30353020D3CE43007A0270;
			remoteInfo = KitchenWares;
		};
/* End PBXContainerItemProxy section */

/* Begin PBXFileReference section */
		1C04E6FA20D6BA7500EA2725 /* ItemFetcherTests.swift */ = {isa = PBXFileReference; lastKnownFileType = sourcecode.swift; path = ItemFetcherTests.swift; sourceTree = "<group>"; };
		1C04E6FE20D6BC5E00EA2725 /* FoundationMocks.swift */ = {isa = PBXFileReference; lastKnownFileType = sourcecode.swift; path = FoundationMocks.swift; sourceTree = "<group>"; };
		1C04E70020D6DFC500EA2725 /* FoundationExtensions.swift */ = {isa = PBXFileReference; lastKnownFileType = sourcecode.swift; path = FoundationExtensions.swift; sourceTree = "<group>"; };
		1C04E70220D6E94600EA2725 /* ShopAisleCell.swift */ = {isa = PBXFileReference; lastKnownFileType = sourcecode.swift; path = ShopAisleCell.swift; sourceTree = "<group>"; };
		1C04E70420D6EAAA00EA2725 /* ShopAisleCell.xib */ = {isa = PBXFileReference; lastKnownFileType = file.xib; path = ShopAisleCell.xib; sourceTree = "<group>"; };
		1C30353120D3CE43007A0270 /* KitchenWares.app */ = {isa = PBXFileReference; explicitFileType = wrapper.application; includeInIndex = 0; path = KitchenWares.app; sourceTree = BUILT_PRODUCTS_DIR; };
		1C30353420D3CE43007A0270 /* AppDelegate.swift */ = {isa = PBXFileReference; lastKnownFileType = sourcecode.swift; path = AppDelegate.swift; sourceTree = "<group>"; };
		1C30353B20D3CE44007A0270 /* Assets.xcassets */ = {isa = PBXFileReference; lastKnownFileType = folder.assetcatalog; path = Assets.xcassets; sourceTree = "<group>"; };
		1C30353E20D3CE44007A0270 /* Base */ = {isa = PBXFileReference; lastKnownFileType = file.storyboard; name = Base; path = Base.lproj/LaunchScreen.storyboard; sourceTree = "<group>"; };
		1C30354020D3CE44007A0270 /* Info.plist */ = {isa = PBXFileReference; lastKnownFileType = text.plist.xml; path = Info.plist; sourceTree = "<group>"; };
		1C30354520D3CE44007A0270 /* KitchenWaresTests.xctest */ = {isa = PBXFileReference; explicitFileType = wrapper.cfbundle; includeInIndex = 0; path = KitchenWaresTests.xctest; sourceTree = BUILT_PRODUCTS_DIR; };
		1C30354920D3CE44007A0270 /* KitchenWaresTests.swift */ = {isa = PBXFileReference; lastKnownFileType = sourcecode.swift; path = KitchenWaresTests.swift; sourceTree = "<group>"; };
		1C30354B20D3CE44007A0270 /* Info.plist */ = {isa = PBXFileReference; lastKnownFileType = text.plist.xml; path = Info.plist; sourceTree = "<group>"; };
		1C30355C20D3D239007A0270 /* ProductDetailsProtocols.swift */ = {isa = PBXFileReference; lastKnownFileType = sourcecode.swift; path = ProductDetailsProtocols.swift; sourceTree = "<group>"; };
		1C30355F20D3D255007A0270 /* ProductDetailsWireframe.swift */ = {isa = PBXFileReference; lastKnownFileType = sourcecode.swift; path = ProductDetailsWireframe.swift; sourceTree = "<group>"; };
		1C30356120D3D26A007A0270 /* ProductDetailsInteractor.swift */ = {isa = PBXFileReference; lastKnownFileType = sourcecode.swift; path = ProductDetailsInteractor.swift; sourceTree = "<group>"; };
		1C30356320D3D27E007A0270 /* ProductDetailsPresenter.swift */ = {isa = PBXFileReference; lastKnownFileType = sourcecode.swift; path = ProductDetailsPresenter.swift; sourceTree = "<group>"; };
		1C30356520D3D293007A0270 /* ProductDetailsViewController.swift */ = {isa = PBXFileReference; lastKnownFileType = sourcecode.swift; path = ProductDetailsViewController.swift; sourceTree = "<group>"; };
		1C30356720D3D2A2007A0270 /* ShopAisleProtocols.swift */ = {isa = PBXFileReference; lastKnownFileType = sourcecode.swift; path = ShopAisleProtocols.swift; sourceTree = "<group>"; };
		1C30356920D3D2AC007A0270 /* ShopAisleWireframe.swift */ = {isa = PBXFileReference; lastKnownFileType = sourcecode.swift; path = ShopAisleWireframe.swift; sourceTree = "<group>"; };
		1C30356B20D3D2CE007A0270 /* ShopAisleInteractor.swift */ = {isa = PBXFileReference; lastKnownFileType = sourcecode.swift; path = ShopAisleInteractor.swift; sourceTree = "<group>"; };
		1C30356D20D3D2EA007A0270 /* ShopAislePresenter.swift */ = {isa = PBXFileReference; lastKnownFileType = sourcecode.swift; path = ShopAislePresenter.swift; sourceTree = "<group>"; };
		1C30356F20D3D2F3007A0270 /* ShopAisleViewController.swift */ = {isa = PBXFileReference; lastKnownFileType = sourcecode.swift; path = ShopAisleViewController.swift; sourceTree = "<group>"; };
		1C30357320D3D35C007A0270 /* ShopAisleInteractorTests.swift */ = {isa = PBXFileReference; lastKnownFileType = sourcecode.swift; path = ShopAisleInteractorTests.swift; sourceTree = "<group>"; };
		1C30357520D3D365007A0270 /* ShopAislePresenterTests.swift */ = {isa = PBXFileReference; lastKnownFileType = sourcecode.swift; path = ShopAislePresenterTests.swift; sourceTree = "<group>"; };
		1C30357720D3D36E007A0270 /* ProductDetailsInteractorTests.swift */ = {isa = PBXFileReference; lastKnownFileType = sourcecode.swift; path = ProductDetailsInteractorTests.swift; sourceTree = "<group>"; };
		1C30357920D3D377007A0270 /* ProductDetailsPresenterTests.swift */ = {isa = PBXFileReference; lastKnownFileType = sourcecode.swift; path = ProductDetailsPresenterTests.swift; sourceTree = "<group>"; };
		1C30357B20D3D57C007A0270 /* README.md */ = {isa = PBXFileReference; fileEncoding = 4; lastKnownFileType = net.daringfireball.markdown; path = README.md; sourceTree = SOURCE_ROOT; };
		1C8ACF4920D6647500878D36 /* ItemFetcher.swift */ = {isa = PBXFileReference; lastKnownFileType = sourcecode.swift; path = ItemFetcher.swift; sourceTree = "<group>"; };
		1C8ACF5020D66F8E00878D36 /* MockFetchers.swift */ = {isa = PBXFileReference; lastKnownFileType = sourcecode.swift; path = MockFetchers.swift; sourceTree = "<group>"; };
		1C8ACF5320D68F4F00878D36 /* ProductJson.json */ = {isa = PBXFileReference; lastKnownFileType = text.json; path = ProductJson.json; sourceTree = "<group>"; };
		1C8ACF5520D68FFD00878D36 /* JohnLewisURL.swift */ = {isa = PBXFileReference; lastKnownFileType = sourcecode.swift; path = JohnLewisURL.swift; sourceTree = "<group>"; };
		1C8ACF5720D6AAA600878D36 /* DishwasherJSONParser.swift */ = {isa = PBXFileReference; lastKnownFileType = sourcecode.swift; path = DishwasherJSONParser.swift; sourceTree = "<group>"; };
		1C8ACF5A20D6AF6300878D36 /* DishwasherJSONParserTests.swift */ = {isa = PBXFileReference; lastKnownFileType = sourcecode.swift; path = DishwasherJSONParserTests.swift; sourceTree = "<group>"; };
		1CB8DE0C20D5128900B645BB /* ShopItem.swift */ = {isa = PBXFileReference; lastKnownFileType = sourcecode.swift; path = ShopItem.swift; sourceTree = "<group>"; };
		1CB8DE0E20D5129200B645BB /* ShopItemDetails.swift */ = {isa = PBXFileReference; lastKnownFileType = sourcecode.swift; path = ShopItemDetails.swift; sourceTree = "<group>"; };
		1CBD1F6520D517100082F7B1 /* ProductDetailsViewController.xib */ = {isa = PBXFileReference; lastKnownFileType = file.xib; name = ProductDetailsViewController.xib; path = ../../../../kitchenwares/KitchenWares/ProductDetails/UI/ProductDetailsViewController.xib; sourceTree = "<group>"; };
		1CBD1F6A20D52AF80082F7B1 /* AppShopAisleFactory.swift */ = {isa = PBXFileReference; lastKnownFileType = sourcecode.swift; path = AppShopAisleFactory.swift; sourceTree = "<group>"; };
		1CBD1F6D20D534910082F7B1 /* ShopAisleMocks.swift */ = {isa = PBXFileReference; lastKnownFileType = sourcecode.swift; path = ShopAisleMocks.swift; sourceTree = "<group>"; };
		1CBD1F7320D539CE0082F7B1 /* ShopAisleWireframeTests.swift */ = {isa = PBXFileReference; lastKnownFileType = sourcecode.swift; path = ShopAisleWireframeTests.swift; sourceTree = "<group>"; };
		3134EE5B2CDB200BFED8FE7B /* Pods-KitchenWares.debug.xcconfig */ = {isa = PBXFileReference; includeInIndex = 1; lastKnownFileType = text.xcconfig; name = "Pods-KitchenWares.debug.xcconfig"; path = "Pods/Target Support Files/Pods-KitchenWares/Pods-KitchenWares.debug.xcconfig"; sourceTree = "<group>"; };
		43771E987395D24F94A4B798 /* Pods_KitchenWares.framework */ = {isa = PBXFileReference; explicitFileType = wrapper.framework; includeInIndex = 0; path = Pods_KitchenWares.framework; sourceTree = BUILT_PRODUCTS_DIR; };
		470A93814221EF8A2EA05B86 /* Pods-KitchenWaresTests.debug.xcconfig */ = {isa = PBXFileReference; includeInIndex = 1; lastKnownFileType = text.xcconfig; name = "Pods-KitchenWaresTests.debug.xcconfig"; path = "Pods/Target Support Files/Pods-KitchenWaresTests/Pods-KitchenWaresTests.debug.xcconfig"; sourceTree = "<group>"; };
		4EC41C37C328545FCC802DE9 /* Pods-KitchenWaresTests.release.xcconfig */ = {isa = PBXFileReference; includeInIndex = 1; lastKnownFileType = text.xcconfig; name = "Pods-KitchenWaresTests.release.xcconfig"; path = "Pods/Target Support Files/Pods-KitchenWaresTests/Pods-KitchenWaresTests.release.xcconfig"; sourceTree = "<group>"; };
		D3E4EEE7B1961FD28288D266 /* Pods-KitchenWares.release.xcconfig */ = {isa = PBXFileReference; includeInIndex = 1; lastKnownFileType = text.xcconfig; name = "Pods-KitchenWares.release.xcconfig"; path = "Pods/Target Support Files/Pods-KitchenWares/Pods-KitchenWares.release.xcconfig"; sourceTree = "<group>"; };
		F6D6C7D3F5996B3B66A1A40C /* Pods_KitchenWaresTests.framework */ = {isa = PBXFileReference; explicitFileType = wrapper.framework; includeInIndex = 0; path = Pods_KitchenWaresTests.framework; sourceTree = BUILT_PRODUCTS_DIR; };
/* End PBXFileReference section */

/* Begin PBXFrameworksBuildPhase section */
		1C30352E20D3CE43007A0270 /* Frameworks */ = {
			isa = PBXFrameworksBuildPhase;
			buildActionMask = 2147483647;
			files = (
				A8DC97D64DA178210A510A2E /* Pods_KitchenWares.framework in Frameworks */,
			);
			runOnlyForDeploymentPostprocessing = 0;
		};
		1C30354220D3CE44007A0270 /* Frameworks */ = {
			isa = PBXFrameworksBuildPhase;
			buildActionMask = 2147483647;
			files = (
				9DCA4B141F901F8BD5BF3CCA /* Pods_KitchenWaresTests.framework in Frameworks */,
			);
			runOnlyForDeploymentPostprocessing = 0;
		};
/* End PBXFrameworksBuildPhase section */

/* Begin PBXGroup section */
		1C30352820D3CE43007A0270 = {
			isa = PBXGroup;
			children = (
				1C30357B20D3D57C007A0270 /* README.md */,
				1C30353320D3CE43007A0270 /* KitchenWares */,
				1C30354820D3CE44007A0270 /* KitchenWaresTests */,
				1C30353220D3CE43007A0270 /* Products */,
				F30ADBE2984D6844B70920EA /* Pods */,
				D265026E85E298DBEF4C05B2 /* Frameworks */,
			);
			sourceTree = "<group>";
		};
		1C30353220D3CE43007A0270 /* Products */ = {
			isa = PBXGroup;
			children = (
				1C30353120D3CE43007A0270 /* KitchenWares.app */,
				1C30354520D3CE44007A0270 /* KitchenWaresTests.xctest */,
			);
			name = Products;
			sourceTree = "<group>";
		};
		1C30353320D3CE43007A0270 /* KitchenWares */ = {
			isa = PBXGroup;
			children = (
				1CBD1F6920D52ACF0082F7B1 /* App */,
				1CB8DE0B20D5127100B645BB /* Model */,
				1C30357D20D409AC007A0270 /* Services */,
				1C30355520D3D1C8007A0270 /* ProductDetails */,
				1C30355420D3D17E007A0270 /* ShopAisle */,
				1C30353B20D3CE44007A0270 /* Assets.xcassets */,
				1C30353D20D3CE44007A0270 /* LaunchScreen.storyboard */,
				1C30354020D3CE44007A0270 /* Info.plist */,
			);
			path = KitchenWares;
			sourceTree = "<group>";
		};
		1C30354820D3CE44007A0270 /* KitchenWaresTests */ = {
			isa = PBXGroup;
			children = (
				1C8ACF5920D6AF4700878D36 /* ServiceTests */,
				1C8ACF4F20D66F7F00878D36 /* ServiceMocks */,
				1C30357120D3D30A007A0270 /* ProductDetailsTests */,
				1C30357220D3D311007A0270 /* ShopAisleTests */,
				1C30354920D3CE44007A0270 /* KitchenWaresTests.swift */,
				1C30354B20D3CE44007A0270 /* Info.plist */,
			);
			path = KitchenWaresTests;
			sourceTree = "<group>";
		};
		1C30355420D3D17E007A0270 /* ShopAisle */ = {
			isa = PBXGroup;
			children = (
				1C30355720D3D1EA007A0270 /* Module */,
				1C30355620D3D1E6007A0270 /* Logic */,
				1C30355820D3D1EE007A0270 /* UI */,
			);
			path = ShopAisle;
			sourceTree = "<group>";
		};
		1C30355520D3D1C8007A0270 /* ProductDetails */ = {
			isa = PBXGroup;
			children = (
				1C30355A20D3D20D007A0270 /* Module */,
				1C30355B20D3D213007A0270 /* Logic */,
				1C30355920D3D20A007A0270 /* UI */,
			);
			path = ProductDetails;
			sourceTree = "<group>";
		};
		1C30355620D3D1E6007A0270 /* Logic */ = {
			isa = PBXGroup;
			children = (
				1C30356B20D3D2CE007A0270 /* ShopAisleInteractor.swift */,
			);
			path = Logic;
			sourceTree = "<group>";
		};
		1C30355720D3D1EA007A0270 /* Module */ = {
			isa = PBXGroup;
			children = (
				1C30356720D3D2A2007A0270 /* ShopAisleProtocols.swift */,
				1C30356920D3D2AC007A0270 /* ShopAisleWireframe.swift */,
			);
			path = Module;
			sourceTree = "<group>";
		};
		1C30355820D3D1EE007A0270 /* UI */ = {
			isa = PBXGroup;
			children = (
				1C30356D20D3D2EA007A0270 /* ShopAislePresenter.swift */,
				1C30356F20D3D2F3007A0270 /* ShopAisleViewController.swift */,
				1C04E70220D6E94600EA2725 /* ShopAisleCell.swift */,
				1C04E70420D6EAAA00EA2725 /* ShopAisleCell.xib */,
			);
			path = UI;
			sourceTree = "<group>";
		};
		1C30355920D3D20A007A0270 /* UI */ = {
			isa = PBXGroup;
			children = (
				1C30356320D3D27E007A0270 /* ProductDetailsPresenter.swift */,
				1C30356520D3D293007A0270 /* ProductDetailsViewController.swift */,
				1CBD1F6520D517100082F7B1 /* ProductDetailsViewController.xib */,
			);
			path = UI;
			sourceTree = "<group>";
		};
		1C30355A20D3D20D007A0270 /* Module */ = {
			isa = PBXGroup;
			children = (
				1C30355C20D3D239007A0270 /* ProductDetailsProtocols.swift */,
				1C30355F20D3D255007A0270 /* ProductDetailsWireframe.swift */,
			);
			path = Module;
			sourceTree = "<group>";
		};
		1C30355B20D3D213007A0270 /* Logic */ = {
			isa = PBXGroup;
			children = (
				1C30356120D3D26A007A0270 /* ProductDetailsInteractor.swift */,
			);
			path = Logic;
			sourceTree = "<group>";
		};
		1C30357120D3D30A007A0270 /* ProductDetailsTests */ = {
			isa = PBXGroup;
			children = (
				1C30357720D3D36E007A0270 /* ProductDetailsInteractorTests.swift */,
				1C30357920D3D377007A0270 /* ProductDetailsPresenterTests.swift */,
			);
			path = ProductDetailsTests;
			sourceTree = "<group>";
		};
		1C30357220D3D311007A0270 /* ShopAisleTests */ = {
			isa = PBXGroup;
			children = (
				1C30357320D3D35C007A0270 /* ShopAisleInteractorTests.swift */,
				1C30357520D3D365007A0270 /* ShopAislePresenterTests.swift */,
				1CBD1F6D20D534910082F7B1 /* ShopAisleMocks.swift */,
				1CBD1F7320D539CE0082F7B1 /* ShopAisleWireframeTests.swift */,
			);
			path = ShopAisleTests;
			sourceTree = "<group>";
		};
		1C30357D20D409AC007A0270 /* Services */ = {
			isa = PBXGroup;
			children = (
				1C8ACF4920D6647500878D36 /* ItemFetcher.swift */,
				1C8ACF5520D68FFD00878D36 /* JohnLewisURL.swift */,
				1C8ACF5720D6AAA600878D36 /* DishwasherJSONParser.swift */,
			);
			path = Services;
			sourceTree = "<group>";
		};
		1C8ACF4F20D66F7F00878D36 /* ServiceMocks */ = {
			isa = PBXGroup;
			children = (
				1C8ACF5020D66F8E00878D36 /* MockFetchers.swift */,
				1C8ACF5320D68F4F00878D36 /* ProductJson.json */,
				1C04E6FE20D6BC5E00EA2725 /* FoundationMocks.swift */,
			);
			path = ServiceMocks;
			sourceTree = "<group>";
		};
		1C8ACF5920D6AF4700878D36 /* ServiceTests */ = {
			isa = PBXGroup;
			children = (
				1C8ACF5A20D6AF6300878D36 /* DishwasherJSONParserTests.swift */,
				1C04E6FA20D6BA7500EA2725 /* ItemFetcherTests.swift */,
			);
			path = ServiceTests;
			sourceTree = "<group>";
		};
		1CB8DE0B20D5127100B645BB /* Model */ = {
			isa = PBXGroup;
			children = (
				1CB8DE0C20D5128900B645BB /* ShopItem.swift */,
				1CB8DE0E20D5129200B645BB /* ShopItemDetails.swift */,
			);
			path = Model;
			sourceTree = "<group>";
		};
		1CBD1F6920D52ACF0082F7B1 /* App */ = {
			isa = PBXGroup;
			children = (
				1C30353420D3CE43007A0270 /* AppDelegate.swift */,
				1CBD1F6A20D52AF80082F7B1 /* AppShopAisleFactory.swift */,
				1C04E70020D6DFC500EA2725 /* FoundationExtensions.swift */,
			);
			path = App;
			sourceTree = "<group>";
		};
		D265026E85E298DBEF4C05B2 /* Frameworks */ = {
			isa = PBXGroup;
			children = (
				43771E987395D24F94A4B798 /* Pods_KitchenWares.framework */,
				F6D6C7D3F5996B3B66A1A40C /* Pods_KitchenWaresTests.framework */,
			);
			name = Frameworks;
			sourceTree = "<group>";
		};
		F30ADBE2984D6844B70920EA /* Pods */ = {
			isa = PBXGroup;
			children = (
				3134EE5B2CDB200BFED8FE7B /* Pods-KitchenWares.debug.xcconfig */,
				D3E4EEE7B1961FD28288D266 /* Pods-KitchenWares.release.xcconfig */,
				470A93814221EF8A2EA05B86 /* Pods-KitchenWaresTests.debug.xcconfig */,
				4EC41C37C328545FCC802DE9 /* Pods-KitchenWaresTests.release.xcconfig */,
			);
			name = Pods;
			sourceTree = "<group>";
		};
/* End PBXGroup section */

/* Begin PBXNativeTarget section */
		1C30353020D3CE43007A0270 /* KitchenWares */ = {
			isa = PBXNativeTarget;
			buildConfigurationList = 1C30354E20D3CE44007A0270 /* Build configuration list for PBXNativeTarget "KitchenWares" */;
			buildPhases = (
				C836C95FC9F5D851079FF8A5 /* [CP] Check Pods Manifest.lock */,
				1C30352D20D3CE43007A0270 /* Sources */,
				1C30352E20D3CE43007A0270 /* Frameworks */,
				1C30352F20D3CE43007A0270 /* Resources */,
				1CBD1F6C20D52F280082F7B1 /* ShellScript */,
			);
			buildRules = (
			);
			dependencies = (
			);
			name = KitchenWares;
			productName = KitchenWares;
			productReference = 1C30353120D3CE43007A0270 /* KitchenWares.app */;
			productType = "com.apple.product-type.application";
		};
		1C30354420D3CE44007A0270 /* KitchenWaresTests */ = {
			isa = PBXNativeTarget;
			buildConfigurationList = 1C30355120D3CE44007A0270 /* Build configuration list for PBXNativeTarget "KitchenWaresTests" */;
			buildPhases = (
				445D45807469E78A9107A376 /* [CP] Check Pods Manifest.lock */,
				1C30354120D3CE44007A0270 /* Sources */,
				1C30354220D3CE44007A0270 /* Frameworks */,
				1C30354320D3CE44007A0270 /* Resources */,
			);
			buildRules = (
			);
			dependencies = (
				1C30354720D3CE44007A0270 /* PBXTargetDependency */,
			);
			name = KitchenWaresTests;
			productName = KitchenWaresTests;
			productReference = 1C30354520D3CE44007A0270 /* KitchenWaresTests.xctest */;
			productType = "com.apple.product-type.bundle.unit-test";
		};
/* End PBXNativeTarget section */

/* Begin PBXProject section */
		1C30352920D3CE43007A0270 /* Project object */ = {
			isa = PBXProject;
			attributes = {
				LastSwiftUpdateCheck = 0940;
				LastUpgradeCheck = 0940;
				ORGANIZATIONNAME = vixac;
				TargetAttributes = {
					1C30353020D3CE43007A0270 = {
						CreatedOnToolsVersion = 9.4.1;
					};
					1C30354420D3CE44007A0270 = {
						CreatedOnToolsVersion = 9.4.1;
						TestTargetID = 1C30353020D3CE43007A0270;
					};
				};
			};
			buildConfigurationList = 1C30352C20D3CE43007A0270 /* Build configuration list for PBXProject "KitchenWares" */;
			compatibilityVersion = "Xcode 9.3";
			developmentRegion = en;
			hasScannedForEncodings = 0;
			knownRegions = (
				en,
				Base,
			);
			mainGroup = 1C30352820D3CE43007A0270;
			productRefGroup = 1C30353220D3CE43007A0270 /* Products */;
			projectDirPath = "";
			projectRoot = "";
			targets = (
				1C30353020D3CE43007A0270 /* KitchenWares */,
				1C30354420D3CE44007A0270 /* KitchenWaresTests */,
			);
		};
/* End PBXProject section */

/* Begin PBXResourcesBuildPhase section */
		1C30352F20D3CE43007A0270 /* Resources */ = {
			isa = PBXResourcesBuildPhase;
			buildActionMask = 2147483647;
			files = (
				1C04E70520D6EAAA00EA2725 /* ShopAisleCell.xib in Resources */,
				1C30353F20D3CE44007A0270 /* LaunchScreen.storyboard in Resources */,
				1C30353C20D3CE44007A0270 /* Assets.xcassets in Resources */,
				1C30357C20D3D57C007A0270 /* README.md in Resources */,
				1CBD1F6620D517100082F7B1 /* ProductDetailsViewController.xib in Resources */,
			);
			runOnlyForDeploymentPostprocessing = 0;
		};
		1C30354320D3CE44007A0270 /* Resources */ = {
			isa = PBXResourcesBuildPhase;
			buildActionMask = 2147483647;
			files = (
				1C8ACF5420D68F4F00878D36 /* ProductJson.json in Resources */,
			);
			runOnlyForDeploymentPostprocessing = 0;
		};
/* End PBXResourcesBuildPhase section */

/* Begin PBXShellScriptBuildPhase section */
		1CBD1F6C20D52F280082F7B1 /* ShellScript */ = {
			isa = PBXShellScriptBuildPhase;
			buildActionMask = 2147483647;
			files = (
			);
			inputPaths = (
			);
			outputPaths = (
			);
			runOnlyForDeploymentPostprocessing = 0;
			shellPath = /bin/sh;
			shellScript = "\"${PODS_ROOT}/SwiftLint/swiftlint\"";
		};
		445D45807469E78A9107A376 /* [CP] Check Pods Manifest.lock */ = {
			isa = PBXShellScriptBuildPhase;
			buildActionMask = 2147483647;
			files = (
			);
			inputPaths = (
				"${PODS_PODFILE_DIR_PATH}/Podfile.lock",
				"${PODS_ROOT}/Manifest.lock",
			);
			name = "[CP] Check Pods Manifest.lock";
			outputPaths = (
				"$(DERIVED_FILE_DIR)/Pods-KitchenWaresTests-checkManifestLockResult.txt",
			);
			runOnlyForDeploymentPostprocessing = 0;
			shellPath = /bin/sh;
			shellScript = "diff \"${PODS_PODFILE_DIR_PATH}/Podfile.lock\" \"${PODS_ROOT}/Manifest.lock\" > /dev/null\nif [ $? != 0 ] ; then\n    # print error to STDERR\n    echo \"error: The sandbox is not in sync with the Podfile.lock. Run 'pod install' or update your CocoaPods installation.\" >&2\n    exit 1\nfi\n# This output is used by Xcode 'outputs' to avoid re-running this script phase.\necho \"SUCCESS\" > \"${SCRIPT_OUTPUT_FILE_0}\"\n";
			showEnvVarsInLog = 0;
		};
		C836C95FC9F5D851079FF8A5 /* [CP] Check Pods Manifest.lock */ = {
			isa = PBXShellScriptBuildPhase;
			buildActionMask = 2147483647;
			files = (
			);
			inputPaths = (
				"${PODS_PODFILE_DIR_PATH}/Podfile.lock",
				"${PODS_ROOT}/Manifest.lock",
			);
			name = "[CP] Check Pods Manifest.lock";
			outputPaths = (
				"$(DERIVED_FILE_DIR)/Pods-KitchenWares-checkManifestLockResult.txt",
			);
			runOnlyForDeploymentPostprocessing = 0;
			shellPath = /bin/sh;
			shellScript = "diff \"${PODS_PODFILE_DIR_PATH}/Podfile.lock\" \"${PODS_ROOT}/Manifest.lock\" > /dev/null\nif [ $? != 0 ] ; then\n    # print error to STDERR\n    echo \"error: The sandbox is not in sync with the Podfile.lock. Run 'pod install' or update your CocoaPods installation.\" >&2\n    exit 1\nfi\n# This output is used by Xcode 'outputs' to avoid re-running this script phase.\necho \"SUCCESS\" > \"${SCRIPT_OUTPUT_FILE_0}\"\n";
			showEnvVarsInLog = 0;
		};
/* End PBXShellScriptBuildPhase section */

/* Begin PBXSourcesBuildPhase section */
		1C30352D20D3CE43007A0270 /* Sources */ = {
			isa = PBXSourcesBuildPhase;
			buildActionMask = 2147483647;
			files = (
				1C30356820D3D2A2007A0270 /* ShopAisleProtocols.swift in Sources */,
				1C8ACF4A20D6647500878D36 /* ItemFetcher.swift in Sources */,
				1C30356C20D3D2CE007A0270 /* ShopAisleInteractor.swift in Sources */,
				1C30356620D3D293007A0270 /* ProductDetailsViewController.swift in Sources */,
				1C8ACF5820D6AAA600878D36 /* DishwasherJSONParser.swift in Sources */,
				1C30355D20D3D239007A0270 /* ProductDetailsProtocols.swift in Sources */,
				1C30356A20D3D2AC007A0270 /* ShopAisleWireframe.swift in Sources */,
				1C30356420D3D27E007A0270 /* ProductDetailsPresenter.swift in Sources */,
				1C30356E20D3D2EA007A0270 /* ShopAislePresenter.swift in Sources */,
				1C30356020D3D255007A0270 /* ProductDetailsWireframe.swift in Sources */,
				1CB8DE0D20D5128900B645BB /* ShopItem.swift in Sources */,
				1C8ACF5620D68FFD00878D36 /* JohnLewisURL.swift in Sources */,
				1CB8DE0F20D5129200B645BB /* ShopItemDetails.swift in Sources */,
				1C04E70320D6E94600EA2725 /* ShopAisleCell.swift in Sources */,
				1CBD1F6B20D52AF80082F7B1 /* AppShopAisleFactory.swift in Sources */,
				1C30353520D3CE43007A0270 /* AppDelegate.swift in Sources */,
				1C30356220D3D26A007A0270 /* ProductDetailsInteractor.swift in Sources */,
				1C04E70120D6DFC500EA2725 /* FoundationExtensions.swift in Sources */,
				1C30357020D3D2F3007A0270 /* ShopAisleViewController.swift in Sources */,
			);
			runOnlyForDeploymentPostprocessing = 0;
		};
		1C30354120D3CE44007A0270 /* Sources */ = {
			isa = PBXSourcesBuildPhase;
			buildActionMask = 2147483647;
			files = (
				1C04E6FB20D6BA7500EA2725 /* ItemFetcherTests.swift in Sources */,
				1C04E6FF20D6BC5E00EA2725 /* FoundationMocks.swift in Sources */,
				1CBD1F6E20D534910082F7B1 /* ShopAisleMocks.swift in Sources */,
				1C30354A20D3CE44007A0270 /* KitchenWaresTests.swift in Sources */,
				1C8ACF5120D66F8E00878D36 /* MockFetchers.swift in Sources */,
				1C30357420D3D35C007A0270 /* ShopAisleInteractorTests.swift in Sources */,
				1C30357A20D3D377007A0270 /* ProductDetailsPresenterTests.swift in Sources */,
				1CBD1F7420D539CE0082F7B1 /* ShopAisleWireframeTests.swift in Sources */,
				1C8ACF5B20D6AF6300878D36 /* DishwasherJSONParserTests.swift in Sources */,
				1C30357620D3D365007A0270 /* ShopAislePresenterTests.swift in Sources */,
				1C30357820D3D36E007A0270 /* ProductDetailsInteractorTests.swift in Sources */,
			);
			runOnlyForDeploymentPostprocessing = 0;
		};
/* End PBXSourcesBuildPhase section */

/* Begin PBXTargetDependency section */
		1C30354720D3CE44007A0270 /* PBXTargetDependency */ = {
			isa = PBXTargetDependency;
			target = 1C30353020D3CE43007A0270 /* KitchenWares */;
			targetProxy = 1C30354620D3CE44007A0270 /* PBXContainerItemProxy */;
		};
/* End PBXTargetDependency section */

/* Begin PBXVariantGroup section */
		1C30353D20D3CE44007A0270 /* LaunchScreen.storyboard */ = {
			isa = PBXVariantGroup;
			children = (
				1C30353E20D3CE44007A0270 /* Base */,
			);
			name = LaunchScreen.storyboard;
			sourceTree = "<group>";
		};
/* End PBXVariantGroup section */

/* Begin XCBuildConfiguration section */
		1C30354C20D3CE44007A0270 /* Debug */ = {
			isa = XCBuildConfiguration;
			buildSettings = {
				ALWAYS_SEARCH_USER_PATHS = NO;
				CLANG_ANALYZER_NONNULL = YES;
				CLANG_ANALYZER_NUMBER_OBJECT_CONVERSION = YES_AGGRESSIVE;
				CLANG_CXX_LANGUAGE_STANDARD = "gnu++14";
				CLANG_CXX_LIBRARY = "libc++";
				CLANG_ENABLE_MODULES = YES;
				CLANG_ENABLE_OBJC_ARC = YES;
				CLANG_ENABLE_OBJC_WEAK = YES;
				CLANG_WARN_BLOCK_CAPTURE_AUTORELEASING = YES;
				CLANG_WARN_BOOL_CONVERSION = YES;
				CLANG_WARN_COMMA = YES;
				CLANG_WARN_CONSTANT_CONVERSION = YES;
				CLANG_WARN_DEPRECATED_OBJC_IMPLEMENTATIONS = YES;
				CLANG_WARN_DIRECT_OBJC_ISA_USAGE = YES_ERROR;
				CLANG_WARN_DOCUMENTATION_COMMENTS = YES;
				CLANG_WARN_EMPTY_BODY = YES;
				CLANG_WARN_ENUM_CONVERSION = YES;
				CLANG_WARN_INFINITE_RECURSION = YES;
				CLANG_WARN_INT_CONVERSION = YES;
				CLANG_WARN_NON_LITERAL_NULL_CONVERSION = YES;
				CLANG_WARN_OBJC_IMPLICIT_RETAIN_SELF = YES;
				CLANG_WARN_OBJC_LITERAL_CONVERSION = YES;
				CLANG_WARN_OBJC_ROOT_CLASS = YES_ERROR;
				CLANG_WARN_RANGE_LOOP_ANALYSIS = YES;
				CLANG_WARN_STRICT_PROTOTYPES = YES;
				CLANG_WARN_SUSPICIOUS_MOVE = YES;
				CLANG_WARN_UNGUARDED_AVAILABILITY = YES_AGGRESSIVE;
				CLANG_WARN_UNREACHABLE_CODE = YES;
				CLANG_WARN__DUPLICATE_METHOD_MATCH = YES;
				CODE_SIGN_IDENTITY = "iPhone Developer";
				COPY_PHASE_STRIP = NO;
				DEBUG_INFORMATION_FORMAT = dwarf;
				ENABLE_STRICT_OBJC_MSGSEND = YES;
				ENABLE_TESTABILITY = YES;
				GCC_C_LANGUAGE_STANDARD = gnu11;
				GCC_DYNAMIC_NO_PIC = NO;
				GCC_NO_COMMON_BLOCKS = YES;
				GCC_OPTIMIZATION_LEVEL = 0;
				GCC_PREPROCESSOR_DEFINITIONS = (
					"DEBUG=1",
					"$(inherited)",
				);
				GCC_WARN_64_TO_32_BIT_CONVERSION = YES;
				GCC_WARN_ABOUT_RETURN_TYPE = YES_ERROR;
				GCC_WARN_UNDECLARED_SELECTOR = YES;
				GCC_WARN_UNINITIALIZED_AUTOS = YES_AGGRESSIVE;
				GCC_WARN_UNUSED_FUNCTION = YES;
				GCC_WARN_UNUSED_VARIABLE = YES;
				IPHONEOS_DEPLOYMENT_TARGET = 11.4;
				MTL_ENABLE_DEBUG_INFO = YES;
				ONLY_ACTIVE_ARCH = YES;
				SDKROOT = iphoneos;
				SWIFT_ACTIVE_COMPILATION_CONDITIONS = DEBUG;
				SWIFT_OPTIMIZATION_LEVEL = "-Onone";
			};
			name = Debug;
		};
		1C30354D20D3CE44007A0270 /* Release */ = {
			isa = XCBuildConfiguration;
			buildSettings = {
				ALWAYS_SEARCH_USER_PATHS = NO;
				CLANG_ANALYZER_NONNULL = YES;
				CLANG_ANALYZER_NUMBER_OBJECT_CONVERSION = YES_AGGRESSIVE;
				CLANG_CXX_LANGUAGE_STANDARD = "gnu++14";
				CLANG_CXX_LIBRARY = "libc++";
				CLANG_ENABLE_MODULES = YES;
				CLANG_ENABLE_OBJC_ARC = YES;
				CLANG_ENABLE_OBJC_WEAK = YES;
				CLANG_WARN_BLOCK_CAPTURE_AUTORELEASING = YES;
				CLANG_WARN_BOOL_CONVERSION = YES;
				CLANG_WARN_COMMA = YES;
				CLANG_WARN_CONSTANT_CONVERSION = YES;
				CLANG_WARN_DEPRECATED_OBJC_IMPLEMENTATIONS = YES;
				CLANG_WARN_DIRECT_OBJC_ISA_USAGE = YES_ERROR;
				CLANG_WARN_DOCUMENTATION_COMMENTS = YES;
				CLANG_WARN_EMPTY_BODY = YES;
				CLANG_WARN_ENUM_CONVERSION = YES;
				CLANG_WARN_INFINITE_RECURSION = YES;
				CLANG_WARN_INT_CONVERSION = YES;
				CLANG_WARN_NON_LITERAL_NULL_CONVERSION = YES;
				CLANG_WARN_OBJC_IMPLICIT_RETAIN_SELF = YES;
				CLANG_WARN_OBJC_LITERAL_CONVERSION = YES;
				CLANG_WARN_OBJC_ROOT_CLASS = YES_ERROR;
				CLANG_WARN_RANGE_LOOP_ANALYSIS = YES;
				CLANG_WARN_STRICT_PROTOTYPES = YES;
				CLANG_WARN_SUSPICIOUS_MOVE = YES;
				CLANG_WARN_UNGUARDED_AVAILABILITY = YES_AGGRESSIVE;
				CLANG_WARN_UNREACHABLE_CODE = YES;
				CLANG_WARN__DUPLICATE_METHOD_MATCH = YES;
				CODE_SIGN_IDENTITY = "iPhone Developer";
				COPY_PHASE_STRIP = NO;
				DEBUG_INFORMATION_FORMAT = "dwarf-with-dsym";
				ENABLE_NS_ASSERTIONS = NO;
				ENABLE_STRICT_OBJC_MSGSEND = YES;
				GCC_C_LANGUAGE_STANDARD = gnu11;
				GCC_NO_COMMON_BLOCKS = YES;
				GCC_WARN_64_TO_32_BIT_CONVERSION = YES;
				GCC_WARN_ABOUT_RETURN_TYPE = YES_ERROR;
				GCC_WARN_UNDECLARED_SELECTOR = YES;
				GCC_WARN_UNINITIALIZED_AUTOS = YES_AGGRESSIVE;
				GCC_WARN_UNUSED_FUNCTION = YES;
				GCC_WARN_UNUSED_VARIABLE = YES;
				IPHONEOS_DEPLOYMENT_TARGET = 11.4;
				MTL_ENABLE_DEBUG_INFO = NO;
				SDKROOT = iphoneos;
				SWIFT_COMPILATION_MODE = wholemodule;
				SWIFT_OPTIMIZATION_LEVEL = "-O";
				VALIDATE_PRODUCT = YES;
			};
			name = Release;
		};
		1C30354F20D3CE44007A0270 /* Debug */ = {
			isa = XCBuildConfiguration;
			baseConfigurationReference = 3134EE5B2CDB200BFED8FE7B /* Pods-KitchenWares.debug.xcconfig */;
			buildSettings = {
				ASSETCATALOG_COMPILER_APPICON_NAME = AppIcon;
				CODE_SIGN_STYLE = Automatic;
				INFOPLIST_FILE = KitchenWares/Info.plist;
				LD_RUNPATH_SEARCH_PATHS = (
					"$(inherited)",
					"@executable_path/Frameworks",
				);
				PRODUCT_BUNDLE_IDENTIFIER = vixac.KitchenWares;
				PRODUCT_NAME = "$(TARGET_NAME)";
				SWIFT_VERSION = 4.0;
				TARGETED_DEVICE_FAMILY = "1,2";
			};
			name = Debug;
		};
		1C30355020D3CE44007A0270 /* Release */ = {
			isa = XCBuildConfiguration;
			baseConfigurationReference = D3E4EEE7B1961FD28288D266 /* Pods-KitchenWares.release.xcconfig */;
			buildSettings = {
				ASSETCATALOG_COMPILER_APPICON_NAME = AppIcon;
				CODE_SIGN_STYLE = Automatic;
				INFOPLIST_FILE = KitchenWares/Info.plist;
				LD_RUNPATH_SEARCH_PATHS = (
					"$(inherited)",
					"@executable_path/Frameworks",
				);
				PRODUCT_BUNDLE_IDENTIFIER = vixac.KitchenWares;
				PRODUCT_NAME = "$(TARGET_NAME)";
				SWIFT_VERSION = 4.0;
				TARGETED_DEVICE_FAMILY = "1,2";
			};
			name = Release;
		};
		1C30355220D3CE44007A0270 /* Debug */ = {
			isa = XCBuildConfiguration;
			baseConfigurationReference = 470A93814221EF8A2EA05B86 /* Pods-KitchenWaresTests.debug.xcconfig */;
			buildSettings = {
				ALWAYS_EMBED_SWIFT_STANDARD_LIBRARIES = YES;
				BUNDLE_LOADER = "$(TEST_HOST)";
				CODE_SIGN_STYLE = Automatic;
				INFOPLIST_FILE = KitchenWaresTests/Info.plist;
				LD_RUNPATH_SEARCH_PATHS = (
					"$(inherited)",
					"@executable_path/Frameworks",
					"@loader_path/Frameworks",
				);
				PRODUCT_BUNDLE_IDENTIFIER = vixac.KitchenWaresTests;
				PRODUCT_NAME = "$(TARGET_NAME)";
				SWIFT_VERSION = 4.0;
				TARGETED_DEVICE_FAMILY = "1,2";
				TEST_HOST = "$(BUILT_PRODUCTS_DIR)/KitchenWares.app/KitchenWares";
			};
			name = Debug;
		};
		1C30355320D3CE44007A0270 /* Release */ = {
			isa = XCBuildConfiguration;
			baseConfigurationReference = 4EC41C37C328545FCC802DE9 /* Pods-KitchenWaresTests.release.xcconfig */;
			buildSettings = {
				ALWAYS_EMBED_SWIFT_STANDARD_LIBRARIES = YES;
				BUNDLE_LOADER = "$(TEST_HOST)";
				CODE_SIGN_STYLE = Automatic;
				INFOPLIST_FILE = KitchenWaresTests/Info.plist;
				LD_RUNPATH_SEARCH_PATHS = (
					"$(inherited)",
					"@executable_path/Frameworks",
					"@loader_path/Frameworks",
				);
				PRODUCT_BUNDLE_IDENTIFIER = vixac.KitchenWaresTests;
				PRODUCT_NAME = "$(TARGET_NAME)";
				SWIFT_VERSION = 4.0;
				TARGETED_DEVICE_FAMILY = "1,2";
				TEST_HOST = "$(BUILT_PRODUCTS_DIR)/KitchenWares.app/KitchenWares";
			};
			name = Release;
		};
/* End XCBuildConfiguration section */

/* Begin XCConfigurationList section */
		1C30352C20D3CE43007A0270 /* Build configuration list for PBXProject "KitchenWares" */ = {
			isa = XCConfigurationList;
			buildConfigurations = (
				1C30354C20D3CE44007A0270 /* Debug */,
				1C30354D20D3CE44007A0270 /* Release */,
			);
			defaultConfigurationIsVisible = 0;
			defaultConfigurationName = Release;
		};
		1C30354E20D3CE44007A0270 /* Build configuration list for PBXNativeTarget "KitchenWares" */ = {
			isa = XCConfigurationList;
			buildConfigurations = (
				1C30354F20D3CE44007A0270 /* Debug */,
				1C30355020D3CE44007A0270 /* Release */,
			);
			defaultConfigurationIsVisible = 0;
			defaultConfigurationName = Release;
		};
		1C30355120D3CE44007A0270 /* Build configuration list for PBXNativeTarget "KitchenWaresTests" */ = {
			isa = XCConfigurationList;
			buildConfigurations = (
				1C30355220D3CE44007A0270 /* Debug */,
				1C30355320D3CE44007A0270 /* Release */,
			);
			defaultConfigurationIsVisible = 0;
			defaultConfigurationName = Release;
		};
/* End XCConfigurationList section */
	};
	rootObject = 1C30352920D3CE43007A0270 /* Project object */;
}
